
Microsoft Visual Studio Solution File, Format Version 12.00
# Visual Studio Version 16
VisualStudioVersion = 16.0.28809.33
MinimumVisualStudioVersion = 10.0.40219.1
Project("{FAE04EC0-301F-11D3-BF4B-00C04F79EFBC}") = "BandEr.DAL", "BandEr.DAL\BandEr.DAL.csproj", "{F8B9C2B9-5C8C-4625-AAE4-732D8E3384A3}"
EndProject
Project("{FAE04EC0-301F-11D3-BF4B-00C04F79EFBC}") = "BandEr.Common", "BandEr.Common\BandEr.Common.csproj", "{D7364530-07AD-43BC-B69B-760C022F8655}"
EndProject
Project("{FAE04EC0-301F-11D3-BF4B-00C04F79EFBC}") = "BandEr.BL", "BandEr.BL\BandEr.BL.csproj", "{479EFCBE-4E82-4CD7-8D46-88801A263C75}"
EndProject
Project("{FAE04EC0-301F-11D3-BF4B-00C04F79EFBC}") = "BandEr.Infrastructure", "BandEr.Infrastructure\BandEr.Infrastructure.csproj", "{DD2DBB2C-070E-40EE-A079-449812340BFF}"
EndProject
Project("{9A19103F-16F7-4668-BE54-9A1E7A4F7556}") = "BandEr.API", "BandEr.API\BandEr.API.csproj", "{7957EE27-1339-49E5-802D-9E6FB17D2CA8}"
EndProject
Global
	GlobalSection(SolutionConfigurationPlatforms) = preSolution
		Debug|Any CPU = Debug|Any CPU
		Release|Any CPU = Release|Any CPU
	EndGlobalSection
	GlobalSection(ProjectConfigurationPlatforms) = postSolution
		{F8B9C2B9-5C8C-4625-AAE4-732D8E3384A3}.Debug|Any CPU.ActiveCfg = Debug|Any CPU
		{F8B9C2B9-5C8C-4625-AAE4-732D8E3384A3}.Debug|Any CPU.Build.0 = Debug|Any CPU
		{F8B9C2B9-5C8C-4625-AAE4-732D8E3384A3}.Release|Any CPU.ActiveCfg = Release|Any CPU
		{F8B9C2B9-5C8C-4625-AAE4-732D8E3384A3}.Release|Any CPU.Build.0 = Release|Any CPU
		{D7364530-07AD-43BC-B69B-760C022F8655}.Debug|Any CPU.ActiveCfg = Debug|Any CPU
		{D7364530-07AD-43BC-B69B-760C022F8655}.Debug|Any CPU.Build.0 = Debug|Any CPU
		{D7364530-07AD-43BC-B69B-760C022F8655}.Release|Any CPU.ActiveCfg = Release|Any CPU
		{D7364530-07AD-43BC-B69B-760C022F8655}.Release|Any CPU.Build.0 = Release|Any CPU
		{479EFCBE-4E82-4CD7-8D46-88801A263C75}.Debug|Any CPU.ActiveCfg = Debug|Any CPU
		{479EFCBE-4E82-4CD7-8D46-88801A263C75}.Debug|Any CPU.Build.0 = Debug|Any CPU
		{479EFCBE-4E82-4CD7-8D46-88801A263C75}.Release|Any CPU.ActiveCfg = Release|Any CPU
		{479EFCBE-4E82-4CD7-8D46-88801A263C75}.Release|Any CPU.Build.0 = Release|Any CPU
		{DD2DBB2C-070E-40EE-A079-449812340BFF}.Debug|Any CPU.ActiveCfg = Debug|Any CPU
		{DD2DBB2C-070E-40EE-A079-449812340BFF}.Debug|Any CPU.Build.0 = Debug|Any CPU
		{DD2DBB2C-070E-40EE-A079-449812340BFF}.Release|Any CPU.ActiveCfg = Release|Any CPU
		{DD2DBB2C-070E-40EE-A079-449812340BFF}.Release|Any CPU.Build.0 = Release|Any CPU
		{7957EE27-1339-49E5-802D-9E6FB17D2CA8}.Debug|Any CPU.ActiveCfg = Debug|Any CPU
		{7957EE27-1339-49E5-802D-9E6FB17D2CA8}.Debug|Any CPU.Build.0 = Debug|Any CPU
		{7957EE27-1339-49E5-802D-9E6FB17D2CA8}.Release|Any CPU.ActiveCfg = Release|Any CPU
		{7957EE27-1339-49E5-802D-9E6FB17D2CA8}.Release|Any CPU.Build.0 = Release|Any CPU
	EndGlobalSection
	GlobalSection(SolutionProperties) = preSolution
		HideSolutionNode = FALSE
	EndGlobalSection
	GlobalSection(ExtensibilityGlobals) = postSolution
		SolutionGuid = {1AE22D75-6A9C-40EA-B4AE-9023F0F9525D}
	EndGlobalSection
EndGlobal
