
Microsoft Visual Studio Solution File, Format Version 12.00
Project("{FAE04EC0-301F-11D3-BF4B-00C04F79EFBC}") = "Common", "Common\Common.csproj", "{62833C75-B498-4229-ACC4-CF8607BA4486}"
EndProject
Project("{FAE04EC0-301F-11D3-BF4B-00C04F79EFBC}") = "DataAccess", "DataAccess\DataAccess.csproj", "{11313CE3-1A5F-4399-BC64-624623E0EF3D}"
EndProject
Project("{FAE04EC0-301F-11D3-BF4B-00C04F79EFBC}") = "Api", "Api\Api.csproj", "{0B01ECF8-7559-4CA1-B545-8E4461954C25}"
EndProject
Project("{FAE04EC0-301F-11D3-BF4B-00C04F79EFBC}") = "Api.Tests", "Api.Tests\Api.Tests.csproj", "{701E1D30-EFC0-4A6F-A38F-844276FEA956}"
EndProject
Project("{FAE04EC0-301F-11D3-BF4B-00C04F79EFBC}") = "Common.Tests", "Common.Tests\Common.Tests.csproj", "{179BC357-DE05-40D9-B13B-85791A57C0A7}"
EndProject
Project("{FAE04EC0-301F-11D3-BF4B-00C04F79EFBC}") = "DataAccess.Tests", "DataAccess.Tests\DataAccess.Tests.csproj", "{A07D25BD-05D7-421F-B326-1108418C5D66}"
EndProject
Project("{FAE04EC0-301F-11D3-BF4B-00C04F79EFBC}") = "Api.IntegrationTests", "Api.IntegrationTests\Api.IntegrationTests.csproj", "{42686E3C-D672-4E56-A899-9D48B243341D}"
EndProject
Global
	GlobalSection(SolutionConfigurationPlatforms) = preSolution
		Debug|Any CPU = Debug|Any CPU
		Release|Any CPU = Release|Any CPU
	EndGlobalSection
	GlobalSection(ProjectConfigurationPlatforms) = postSolution
		{62833C75-B498-4229-ACC4-CF8607BA4486}.Debug|Any CPU.ActiveCfg = Debug|Any CPU
		{62833C75-B498-4229-ACC4-CF8607BA4486}.Debug|Any CPU.Build.0 = Debug|Any CPU
		{62833C75-B498-4229-ACC4-CF8607BA4486}.Release|Any CPU.ActiveCfg = Release|Any CPU
		{62833C75-B498-4229-ACC4-CF8607BA4486}.Release|Any CPU.Build.0 = Release|Any CPU
		{11313CE3-1A5F-4399-BC64-624623E0EF3D}.Debug|Any CPU.ActiveCfg = Debug|Any CPU
		{11313CE3-1A5F-4399-BC64-624623E0EF3D}.Debug|Any CPU.Build.0 = Debug|Any CPU
		{11313CE3-1A5F-4399-BC64-624623E0EF3D}.Release|Any CPU.ActiveCfg = Release|Any CPU
		{11313CE3-1A5F-4399-BC64-624623E0EF3D}.Release|Any CPU.Build.0 = Release|Any CPU
		{0B01ECF8-7559-4CA1-B545-8E4461954C25}.Debug|Any CPU.ActiveCfg = Debug|Any CPU
		{0B01ECF8-7559-4CA1-B545-8E4461954C25}.Debug|Any CPU.Build.0 = Debug|Any CPU
		{0B01ECF8-7559-4CA1-B545-8E4461954C25}.Release|Any CPU.ActiveCfg = Release|Any CPU
		{0B01ECF8-7559-4CA1-B545-8E4461954C25}.Release|Any CPU.Build.0 = Release|Any CPU
		{701E1D30-EFC0-4A6F-A38F-844276FEA956}.Debug|Any CPU.ActiveCfg = Debug|Any CPU
		{701E1D30-EFC0-4A6F-A38F-844276FEA956}.Debug|Any CPU.Build.0 = Debug|Any CPU
		{701E1D30-EFC0-4A6F-A38F-844276FEA956}.Release|Any CPU.ActiveCfg = Release|Any CPU
		{701E1D30-EFC0-4A6F-A38F-844276FEA956}.Release|Any CPU.Build.0 = Release|Any CPU
		{179BC357-DE05-40D9-B13B-85791A57C0A7}.Debug|Any CPU.ActiveCfg = Debug|Any CPU
		{179BC357-DE05-40D9-B13B-85791A57C0A7}.Debug|Any CPU.Build.0 = Debug|Any CPU
		{179BC357-DE05-40D9-B13B-85791A57C0A7}.Release|Any CPU.ActiveCfg = Release|Any CPU
		{179BC357-DE05-40D9-B13B-85791A57C0A7}.Release|Any CPU.Build.0 = Release|Any CPU
		{A07D25BD-05D7-421F-B326-1108418C5D66}.Debug|Any CPU.ActiveCfg = Debug|Any CPU
		{A07D25BD-05D7-421F-B326-1108418C5D66}.Debug|Any CPU.Build.0 = Debug|Any CPU
		{A07D25BD-05D7-421F-B326-1108418C5D66}.Release|Any CPU.ActiveCfg = Release|Any CPU
		{A07D25BD-05D7-421F-B326-1108418C5D66}.Release|Any CPU.Build.0 = Release|Any CPU
		{42686E3C-D672-4E56-A899-9D48B243341D}.Debug|Any CPU.ActiveCfg = Debug|Any CPU
		{42686E3C-D672-4E56-A899-9D48B243341D}.Debug|Any CPU.Build.0 = Debug|Any CPU
		{42686E3C-D672-4E56-A899-9D48B243341D}.Release|Any CPU.ActiveCfg = Release|Any CPU
		{42686E3C-D672-4E56-A899-9D48B243341D}.Release|Any CPU.Build.0 = Release|Any CPU
	EndGlobalSection
EndGlobal
